// !$*UTF8*$!
{
	archiveVersion = 1;
	classes = {
	};
	objectVersion = 77;
	objects = {

/* Begin PBXBuildFile section */
		26DC472E2D11BEA100F43ACA /* Singers.swift in Sources */ = {isa = PBXBuildFile; fileRef = 26DC472A2D11BEA100F43ACA /* Singers.swift */; };
/* End PBXBuildFile section */

/* Begin PBXContainerItemProxy section */
		26DC46FD2D11B6E700F43ACA /* PBXContainerItemProxy */ = {
			isa = PBXContainerItemProxy;
			containerPortal = 26DC46E42D11B6E500F43ACA /* Project object */;
			proxyType = 1;
			remoteGlobalIDString = 26DC46EB2D11B6E500F43ACA;
			remoteInfo = SingerHobbyCards;
		};
		26DC47072D11B6E700F43ACA /* PBXContainerItemProxy */ = {
			isa = PBXContainerItemProxy;
			containerPortal = 26DC46E42D11B6E500F43ACA /* Project object */;
			proxyType = 1;
			remoteGlobalIDString = 26DC46EB2D11B6E500F43ACA;
			remoteInfo = SingerHobbyCards;
		};
/* End PBXContainerItemProxy section */

/* Begin PBXFileReference section */
		26DC46EC2D11B6E500F43ACA /* SingerHobbyCards.app */ = {isa = PBXFileReference; explicitFileType = wrapper.application; includeInIndex = 0; path = SingerHobbyCards.app; sourceTree = BUILT_PRODUCTS_DIR; };
		26DC46FC2D11B6E700F43ACA /* SingerHobbyCardsTests.xctest */ = {isa = PBXFileReference; explicitFileType = wrapper.cfbundle; includeInIndex = 0; path = SingerHobbyCardsTests.xctest; sourceTree = BUILT_PRODUCTS_DIR; };
		26DC47062D11B6E700F43ACA /* SingerHobbyCardsUITests.xctest */ = {isa = PBXFileReference; explicitFileType = wrapper.cfbundle; includeInIndex = 0; path = SingerHobbyCardsUITests.xctest; sourceTree = BUILT_PRODUCTS_DIR; };
		26DC472A2D11BEA100F43ACA /* Singers.swift */ = {isa = PBXFileReference; lastKnownFileType = sourcecode.swift; path = Singers.swift; sourceTree = "<group>"; };
/* End PBXFileReference section */

/* Begin PBXFileSystemSynchronizedRootGroup section */
		26DC46EE2D11B6E500F43ACA /* SingerHobbyCards */ = {
			isa = PBXFileSystemSynchronizedRootGroup;
			path = SingerHobbyCards;
			sourceTree = "<group>";
		};
		26DC46FF2D11B6E700F43ACA /* SingerHobbyCardsTests */ = {
			isa = PBXFileSystemSynchronizedRootGroup;
			path = SingerHobbyCardsTests;
			sourceTree = "<group>";
		};
		26DC47092D11B6E700F43ACA /* SingerHobbyCardsUITests */ = {
			isa = PBXFileSystemSynchronizedRootGroup;
			path = SingerHobbyCardsUITests;
			sourceTree = "<group>";
		};
		26DC473A2D11C38900F43ACA /* Model */ = {
			isa = PBXFileSystemSynchronizedRootGroup;
			path = Model;
			sourceTree = "<group>";
		};
/* End PBXFileSystemSynchronizedRootGroup section */

/* Begin PBXFrameworksBuildPhase section */
		26DC46E92D11B6E500F43ACA /* Frameworks */ = {
			isa = PBXFrameworksBuildPhase;
			buildActionMask = 2147483647;
			files = (
			);
			runOnlyForDeploymentPostprocessing = 0;
		};
		26DC46F92D11B6E700F43ACA /* Frameworks */ = {
			isa = PBXFrameworksBuildPhase;
			buildActionMask = 2147483647;
			files = (
			);
			runOnlyForDeploymentPostprocessing = 0;
		};
		26DC47032D11B6E700F43ACA /* Frameworks */ = {
			isa = PBXFrameworksBuildPhase;
			buildActionMask = 2147483647;
			files = (
			);
			runOnlyForDeploymentPostprocessing = 0;
		};
/* End PBXFrameworksBuildPhase section */

/* Begin PBXGroup section */
		26DC46E32D11B6E500F43ACA = {
			isa = PBXGroup;
			children = (
				26DC473A2D11C38900F43ACA /* Model */,
				26DC472A2D11BEA100F43ACA /* Singers.swift */,
				26DC46EE2D11B6E500F43ACA /* SingerHobbyCards */,
				26DC46FF2D11B6E700F43ACA /* SingerHobbyCardsTests */,
				26DC47092D11B6E700F43ACA /* SingerHobbyCardsUITests */,
				26DC46ED2D11B6E500F43ACA /* Products */,
			);
			sourceTree = "<group>";
		};
		26DC46ED2D11B6E500F43ACA /* Products */ = {
			isa = PBXGroup;
			children = (
				26DC46EC2D11B6E500F43ACA /* SingerHobbyCards.app */,
				26DC46FC2D11B6E700F43ACA /* SingerHobbyCardsTests.xctest */,
				26DC47062D11B6E700F43ACA /* SingerHobbyCardsUITests.xctest */,
			);
			name = Products;
			sourceTree = "<group>";
		};
/* End PBXGroup section */

/* Begin PBXNativeTarget section */
		26DC46EB2D11B6E500F43ACA /* SingerHobbyCards */ = {
			isa = PBXNativeTarget;
			buildConfigurationList = 26DC47102D11B6E700F43ACA /* Build configuration list for PBXNativeTarget "SingerHobbyCards" */;
			buildPhases = (
				26DC46E82D11B6E500F43ACA /* Sources */,
				26DC46E92D11B6E500F43ACA /* Frameworks */,
				26DC46EA2D11B6E500F43ACA /* Resources */,
			);
			buildRules = (
			);
			dependencies = (
			);
			fileSystemSynchronizedGroups = (
				26DC46EE2D11B6E500F43ACA /* SingerHobbyCards */,
				26DC473A2D11C38900F43ACA /* Model */,
			);
			name = SingerHobbyCards;
			packageProductDependencies = (
			);
			productName = SingerHobbyCards;
			productReference = 26DC46EC2D11B6E500F43ACA /* SingerHobbyCards.app */;
			productType = "com.apple.product-type.application";
		};
		26DC46FB2D11B6E700F43ACA /* SingerHobbyCardsTests */ = {
			isa = PBXNativeTarget;
			buildConfigurationList = 26DC47132D11B6E700F43ACA /* Build configuration list for PBXNativeTarget "SingerHobbyCardsTests" */;
			buildPhases = (
				26DC46F82D11B6E700F43ACA /* Sources */,
				26DC46F92D11B6E700F43ACA /* Frameworks */,
				26DC46FA2D11B6E700F43ACA /* Resources */,
			);
			buildRules = (
			);
			dependencies = (
				26DC46FE2D11B6E700F43ACA /* PBXTargetDependency */,
			);
			fileSystemSynchronizedGroups = (
				26DC46FF2D11B6E700F43ACA /* SingerHobbyCardsTests */,
			);
			name = SingerHobbyCardsTests;
			packageProductDependencies = (
			);
			productName = SingerHobbyCardsTests;
			productReference = 26DC46FC2D11B6E700F43ACA /* SingerHobbyCardsTests.xctest */;
			productType = "com.apple.product-type.bundle.unit-test";
		};
		26DC47052D11B6E700F43ACA /* SingerHobbyCardsUITests */ = {
			isa = PBXNativeTarget;
			buildConfigurationList = 26DC47162D11B6E700F43ACA /* Build configuration list for PBXNativeTarget "SingerHobbyCardsUITests" */;
			buildPhases = (
				26DC47022D11B6E700F43ACA /* Sources */,
				26DC47032D11B6E700F43ACA /* Frameworks */,
				26DC47042D11B6E700F43ACA /* Resources */,
			);
			buildRules = (
			);
			dependencies = (
				26DC47082D11B6E700F43ACA /* PBXTargetDependency */,
			);
			fileSystemSynchronizedGroups = (
				26DC47092D11B6E700F43ACA /* SingerHobbyCardsUITests */,
			);
			name = SingerHobbyCardsUITests;
			packageProductDependencies = (
			);
			productName = SingerHobbyCardsUITests;
			productReference = 26DC47062D11B6E700F43ACA /* SingerHobbyCardsUITests.xctest */;
			productType = "com.apple.product-type.bundle.ui-testing";
		};
/* End PBXNativeTarget section */

/* Begin PBXProject section */
		26DC46E42D11B6E500F43ACA /* Project object */ = {
			isa = PBXProject;
			attributes = {
				BuildIndependentTargetsInParallel = 1;
				LastSwiftUpdateCheck = 1610;
				LastUpgradeCheck = 1610;
				TargetAttributes = {
					26DC46EB2D11B6E500F43ACA = {
						CreatedOnToolsVersion = 16.1;
					};
					26DC46FB2D11B6E700F43ACA = {
						CreatedOnToolsVersion = 16.1;
						TestTargetID = 26DC46EB2D11B6E500F43ACA;
					};
					26DC47052D11B6E700F43ACA = {
						CreatedOnToolsVersion = 16.1;
						TestTargetID = 26DC46EB2D11B6E500F43ACA;
					};
				};
			};
			buildConfigurationList = 26DC46E72D11B6E500F43ACA /* Build configuration list for PBXProject "SingerHobbyCards" */;
			developmentRegion = en;
			hasScannedForEncodings = 0;
			knownRegions = (
				en,
				Base,
			);
			mainGroup = 26DC46E32D11B6E500F43ACA;
			minimizedProjectReferenceProxies = 1;
			preferredProjectObjectVersion = 77;
			productRefGroup = 26DC46ED2D11B6E500F43ACA /* Products */;
			projectDirPath = "";
			projectRoot = "";
			targets = (
				26DC46EB2D11B6E500F43ACA /* SingerHobbyCards */,
				26DC46FB2D11B6E700F43ACA /* SingerHobbyCardsTests */,
				26DC47052D11B6E700F43ACA /* SingerHobbyCardsUITests */,
			);
		};
/* End PBXProject section */

/* Begin PBXResourcesBuildPhase section */
		26DC46EA2D11B6E500F43ACA /* Resources */ = {
			isa = PBXResourcesBuildPhase;
			buildActionMask = 2147483647;
			files = (
			);
			runOnlyForDeploymentPostprocessing = 0;
		};
		26DC46FA2D11B6E700F43ACA /* Resources */ = {
			isa = PBXResourcesBuildPhase;
			buildActionMask = 2147483647;
			files = (
			);
			runOnlyForDeploymentPostprocessing = 0;
		};
		26DC47042D11B6E700F43ACA /* Resources */ = {
			isa = PBXResourcesBuildPhase;
			buildActionMask = 2147483647;
			files = (
			);
			runOnlyForDeploymentPostprocessing = 0;
		};
/* End PBXResourcesBuildPhase section */

/* Begin PBXSourcesBuildPhase section */
		26DC46E82D11B6E500F43ACA /* Sources */ = {
			isa = PBXSourcesBuildPhase;
			buildActionMask = 2147483647;
			files = (
				26DC472E2D11BEA100F43ACA /* Singers.swift in Sources */,
			);
			runOnlyForDeploymentPostprocessing = 0;
		};
		26DC46F82D11B6E700F43ACA /* Sources */ = {
			isa = PBXSourcesBuildPhase;
			buildActionMask = 2147483647;
			files = (
			);
			runOnlyForDeploymentPostprocessing = 0;
		};
		26DC47022D11B6E700F43ACA /* Sources */ = {
			isa = PBXSourcesBuildPhase;
			buildActionMask = 2147483647;
			files = (
			);
			runOnlyForDeploymentPostprocessing = 0;
		};
/* End PBXSourcesBuildPhase section */

/* Begin PBXTargetDependency section */
		26DC46FE2D11B6E700F43ACA /* PBXTargetDependency */ = {
			isa = PBXTargetDependency;
			target = 26DC46EB2D11B6E500F43ACA /* SingerHobbyCards */;
			targetProxy = 26DC46FD2D11B6E700F43ACA /* PBXContainerItemProxy */;
		};
		26DC47082D11B6E700F43ACA /* PBXTargetDependency */ = {
			isa = PBXTargetDependency;
			target = 26DC46EB2D11B6E500F43ACA /* SingerHobbyCards */;
			targetProxy = 26DC47072D11B6E700F43ACA /* PBXContainerItemProxy */;
		};
/* End PBXTargetDependency section */

/* Begin XCBuildConfiguration section */
		26DC470E2D11B6E700F43ACA /* Debug */ = {
			isa = XCBuildConfiguration;
			buildSettings = {
				ALWAYS_SEARCH_USER_PATHS = NO;
				ASSETCATALOG_COMPILER_GENERATE_SWIFT_ASSET_SYMBOL_EXTENSIONS = YES;
				CLANG_ANALYZER_NONNULL = YES;
				CLANG_ANALYZER_NUMBER_OBJECT_CONVERSION = YES_AGGRESSIVE;
				CLANG_CXX_LANGUAGE_STANDARD = "gnu++20";
				CLANG_ENABLE_MODULES = YES;
				CLANG_ENABLE_OBJC_ARC = YES;
				CLANG_ENABLE_OBJC_WEAK = YES;
				CLANG_WARN_BLOCK_CAPTURE_AUTORELEASING = YES;
				CLANG_WARN_BOOL_CONVERSION = YES;
				CLANG_WARN_COMMA = YES;
				CLANG_WARN_CONSTANT_CONVERSION = YES;
				CLANG_WARN_DEPRECATED_OBJC_IMPLEMENTATIONS = YES;
				CLANG_WARN_DIRECT_OBJC_ISA_USAGE = YES_ERROR;
				CLANG_WARN_DOCUMENTATION_COMMENTS = YES;
				CLANG_WARN_EMPTY_BODY = YES;
				CLANG_WARN_ENUM_CONVERSION = YES;
				CLANG_WARN_INFINITE_RECURSION = YES;
				CLANG_WARN_INT_CONVERSION = YES;
				CLANG_WARN_NON_LITERAL_NULL_CONVERSION = YES;
				CLANG_WARN_OBJC_IMPLICIT_RETAIN_SELF = YES;
				CLANG_WARN_OBJC_LITERAL_CONVERSION = YES;
				CLANG_WARN_OBJC_ROOT_CLASS = YES_ERROR;
				CLANG_WARN_QUOTED_INCLUDE_IN_FRAMEWORK_HEADER = YES;
				CLANG_WARN_RANGE_LOOP_ANALYSIS = YES;
				CLANG_WARN_STRICT_PROTOTYPES = YES;
				CLANG_WARN_SUSPICIOUS_MOVE = YES;
				CLANG_WARN_UNGUARDED_AVAILABILITY = YES_AGGRESSIVE;
				CLANG_WARN_UNREACHABLE_CODE = YES;
				CLANG_WARN__DUPLICATE_METHOD_MATCH = YES;
				COPY_PHASE_STRIP = NO;
				DEBUG_INFORMATION_FORMAT = dwarf;
				ENABLE_STRICT_OBJC_MSGSEND = YES;
				ENABLE_TESTABILITY = YES;
				ENABLE_USER_SCRIPT_SANDBOXING = YES;
				GCC_C_LANGUAGE_STANDARD = gnu17;
				GCC_DYNAMIC_NO_PIC = NO;
				GCC_NO_COMMON_BLOCKS = YES;
				GCC_OPTIMIZATION_LEVEL = 0;
				GCC_PREPROCESSOR_DEFINITIONS = (
					"DEBUG=1",
					"$(inherited)",
				);
				GCC_WARN_64_TO_32_BIT_CONVERSION = YES;
				GCC_WARN_ABOUT_RETURN_TYPE = YES_ERROR;
				GCC_WARN_UNDECLARED_SELECTOR = YES;
				GCC_WARN_UNINITIALIZED_AUTOS = YES_AGGRESSIVE;
				GCC_WARN_UNUSED_FUNCTION = YES;
				GCC_WARN_UNUSED_VARIABLE = YES;
				IPHONEOS_DEPLOYMENT_TARGET = 18.1;
				LOCALIZATION_PREFERS_STRING_CATALOGS = YES;
				MTL_ENABLE_DEBUG_INFO = INCLUDE_SOURCE;
				MTL_FAST_MATH = YES;
				ONLY_ACTIVE_ARCH = YES;
				SDKROOT = iphoneos;
				SWIFT_ACTIVE_COMPILATION_CONDITIONS = "DEBUG $(inherited)";
				SWIFT_OPTIMIZATION_LEVEL = "-Onone";
			};
			name = Debug;
		};
		26DC470F2D11B6E700F43ACA /* Release */ = {
			isa = XCBuildConfiguration;
			buildSettings = {
				ALWAYS_SEARCH_USER_PATHS = NO;
				ASSETCATALOG_COMPILER_GENERATE_SWIFT_ASSET_SYMBOL_EXTENSIONS = YES;
				CLANG_ANALYZER_NONNULL = YES;
				CLANG_ANALYZER_NUMBER_OBJECT_CONVERSION = YES_AGGRESSIVE;
				CLANG_CXX_LANGUAGE_STANDARD = "gnu++20";
				CLANG_ENABLE_MODULES = YES;
				CLANG_ENABLE_OBJC_ARC = YES;
				CLANG_ENABLE_OBJC_WEAK = YES;
				CLANG_WARN_BLOCK_CAPTURE_AUTORELEASING = YES;
				CLANG_WARN_BOOL_CONVERSION = YES;
				CLANG_WARN_COMMA = YES;
				CLANG_WARN_CONSTANT_CONVERSION = YES;
				CLANG_WARN_DEPRECATED_OBJC_IMPLEMENTATIONS = YES;
				CLANG_WARN_DIRECT_OBJC_ISA_USAGE = YES_ERROR;
				CLANG_WARN_DOCUMENTATION_COMMENTS = YES;
				CLANG_WARN_EMPTY_BODY = YES;
				CLANG_WARN_ENUM_CONVERSION = YES;
				CLANG_WARN_INFINITE_RECURSION = YES;
				CLANG_WARN_INT_CONVERSION = YES;
				CLANG_WARN_NON_LITERAL_NULL_CONVERSION = YES;
				CLANG_WARN_OBJC_IMPLICIT_RETAIN_SELF = YES;
				CLANG_WARN_OBJC_LITERAL_CONVERSION = YES;
				CLANG_WARN_OBJC_ROOT_CLASS = YES_ERROR;
				CLANG_WARN_QUOTED_INCLUDE_IN_FRAMEWORK_HEADER = YES;
				CLANG_WARN_RANGE_LOOP_ANALYSIS = YES;
				CLANG_WARN_STRICT_PROTOTYPES = YES;
				CLANG_WARN_SUSPICIOUS_MOVE = YES;
				CLANG_WARN_UNGUARDED_AVAILABILITY = YES_AGGRESSIVE;
				CLANG_WARN_UNREACHABLE_CODE = YES;
				CLANG_WARN__DUPLICATE_METHOD_MATCH = YES;
				COPY_PHASE_STRIP = NO;
				DEBUG_INFORMATION_FORMAT = "dwarf-with-dsym";
				ENABLE_NS_ASSERTIONS = NO;
				ENABLE_STRICT_OBJC_MSGSEND = YES;
				ENABLE_USER_SCRIPT_SANDBOXING = YES;
				GCC_C_LANGUAGE_STANDARD = gnu17;
				GCC_NO_COMMON_BLOCKS = YES;
				GCC_WARN_64_TO_32_BIT_CONVERSION = YES;
				GCC_WARN_ABOUT_RETURN_TYPE = YES_ERROR;
				GCC_WARN_UNDECLARED_SELECTOR = YES;
				GCC_WARN_UNINITIALIZED_AUTOS = YES_AGGRESSIVE;
				GCC_WARN_UNUSED_FUNCTION = YES;
				GCC_WARN_UNUSED_VARIABLE = YES;
				IPHONEOS_DEPLOYMENT_TARGET = 18.1;
				LOCALIZATION_PREFERS_STRING_CATALOGS = YES;
				MTL_ENABLE_DEBUG_INFO = NO;
				MTL_FAST_MATH = YES;
				SDKROOT = iphoneos;
				SWIFT_COMPILATION_MODE = wholemodule;
				VALIDATE_PRODUCT = YES;
			};
			name = Release;
		};
		26DC47112D11B6E700F43ACA /* Debug */ = {
			isa = XCBuildConfiguration;
			buildSettings = {
				ASSETCATALOG_COMPILER_APPICON_NAME = AppIcon;
				ASSETCATALOG_COMPILER_GLOBAL_ACCENT_COLOR_NAME = AccentColor;
				CODE_SIGN_STYLE = Automatic;
				CURRENT_PROJECT_VERSION = 1;
				DEVELOPMENT_ASSET_PATHS = "\"SingerHobbyCards/Preview Content\"";
				DEVELOPMENT_TEAM = 4UG443984D;
				ENABLE_PREVIEWS = YES;
				GENERATE_INFOPLIST_FILE = YES;
				INFOPLIST_KEY_UIApplicationSceneManifest_Generation = YES;
				INFOPLIST_KEY_UIApplicationSupportsIndirectInputEvents = YES;
				INFOPLIST_KEY_UILaunchScreen_Generation = YES;
				INFOPLIST_KEY_UISupportedInterfaceOrientations_iPad = "UIInterfaceOrientationPortrait UIInterfaceOrientationPortraitUpsideDown UIInterfaceOrientationLandscapeLeft UIInterfaceOrientationLandscapeRight";
				INFOPLIST_KEY_UISupportedInterfaceOrientations_iPhone = "UIInterfaceOrientationPortrait UIInterfaceOrientationLandscapeLeft UIInterfaceOrientationLandscapeRight";
				LD_RUNPATH_SEARCH_PATHS = (
					"$(inherited)",
					"@executable_path/Frameworks",
				);
				MARKETING_VERSION = 1.0;
				PRODUCT_BUNDLE_IDENTIFIER = ca.josephinesalamon.SingerHobbyCards;
				PRODUCT_NAME = "$(TARGET_NAME)";
				SWIFT_EMIT_LOC_STRINGS = YES;
				SWIFT_VERSION = 5.0;
				TARGETED_DEVICE_FAMILY = "1,2";
			};
			name = Debug;
		};
		26DC47122D11B6E700F43ACA /* Release */ = {
			isa = XCBuildConfiguration;
			buildSettings = {
				ASSETCATALOG_COMPILER_APPICON_NAME = AppIcon;
				ASSETCATALOG_COMPILER_GLOBAL_ACCENT_COLOR_NAME = AccentColor;
				CODE_SIGN_STYLE = Automatic;
				CURRENT_PROJECT_VERSION = 1;
				DEVELOPMENT_ASSET_PATHS = "\"SingerHobbyCards/Preview Content\"";
				DEVELOPMENT_TEAM = 4UG443984D;
				ENABLE_PREVIEWS = YES;
				GENERATE_INFOPLIST_FILE = YES;
				INFOPLIST_KEY_UIApplicationSceneManifest_Generation = YES;
				INFOPLIST_KEY_UIApplicationSupportsIndirectInputEvents = YES;
				INFOPLIST_KEY_UILaunchScreen_Generation = YES;
				INFOPLIST_KEY_UISupportedInterfaceOrientations_iPad = "UIInterfaceOrientationPortrait UIInterfaceOrientationPortraitUpsideDown UIInterfaceOrientationLandscapeLeft UIInterfaceOrientationLandscapeRight";
				INFOPLIST_KEY_UISupportedInterfaceOrientations_iPhone = "UIInterfaceOrientationPortrait UIInterfaceOrientationLandscapeLeft UIInterfaceOrientationLandscapeRight";
				LD_RUNPATH_SEARCH_PATHS = (
					"$(inherited)",
					"@executable_path/Frameworks",
				);
				MARKETING_VERSION = 1.0;
				PRODUCT_BUNDLE_IDENTIFIER = ca.josephinesalamon.SingerHobbyCards;
				PRODUCT_NAME = "$(TARGET_NAME)";
				SWIFT_EMIT_LOC_STRINGS = YES;
				SWIFT_VERSION = 5.0;
				TARGETED_DEVICE_FAMILY = "1,2";
			};
			name = Release;
		};
		26DC47142D11B6E700F43ACA /* Debug */ = {
			isa = XCBuildConfiguration;
			buildSettings = {
				BUNDLE_LOADER = "$(TEST_HOST)";
				CODE_SIGN_STYLE = Automatic;
				CURRENT_PROJECT_VERSION = 1;
				DEVELOPMENT_TEAM = 4UG443984D;
				GENERATE_INFOPLIST_FILE = YES;
				IPHONEOS_DEPLOYMENT_TARGET = 18.1;
				MARKETING_VERSION = 1.0;
				PRODUCT_BUNDLE_IDENTIFIER = ca.josephinesalamon.SingerHobbyCardsTests;
				PRODUCT_NAME = "$(TARGET_NAME)";
				SWIFT_EMIT_LOC_STRINGS = NO;
				SWIFT_VERSION = 5.0;
				TARGETED_DEVICE_FAMILY = "1,2";
				TEST_HOST = "$(BUILT_PRODUCTS_DIR)/SingerHobbyCards.app/$(BUNDLE_EXECUTABLE_FOLDER_PATH)/SingerHobbyCards";
			};
			name = Debug;
		};
		26DC47152D11B6E700F43ACA /* Release */ = {
			isa = XCBuildConfiguration;
			buildSettings = {
				BUNDLE_LOADER = "$(TEST_HOST)";
				CODE_SIGN_STYLE = Automatic;
				CURRENT_PROJECT_VERSION = 1;
				DEVELOPMENT_TEAM = 4UG443984D;
				GENERATE_INFOPLIST_FILE = YES;
				IPHONEOS_DEPLOYMENT_TARGET = 18.1;
				MARKETING_VERSION = 1.0;
				PRODUCT_BUNDLE_IDENTIFIER = ca.josephinesalamon.SingerHobbyCardsTests;
				PRODUCT_NAME = "$(TARGET_NAME)";
				SWIFT_EMIT_LOC_STRINGS = NO;
				SWIFT_VERSION = 5.0;
				TARGETED_DEVICE_FAMILY = "1,2";
				TEST_HOST = "$(BUILT_PRODUCTS_DIR)/SingerHobbyCards.app/$(BUNDLE_EXECUTABLE_FOLDER_PATH)/SingerHobbyCards";
			};
			name = Release;
		};
		26DC47172D11B6E700F43ACA /* Debug */ = {
			isa = XCBuildConfiguration;
			buildSettings = {
				CODE_SIGN_STYLE = Automatic;
				CURRENT_PROJECT_VERSION = 1;
				DEVELOPMENT_TEAM = 4UG443984D;
				GENERATE_INFOPLIST_FILE = YES;
				MARKETING_VERSION = 1.0;
				PRODUCT_BUNDLE_IDENTIFIER = ca.josephinesalamon.SingerHobbyCardsUITests;
				PRODUCT_NAME = "$(TARGET_NAME)";
				SWIFT_EMIT_LOC_STRINGS = NO;
				SWIFT_VERSION = 5.0;
				TARGETED_DEVICE_FAMILY = "1,2";
				TEST_TARGET_NAME = SingerHobbyCards;
			};
			name = Debug;
		};
		26DC47182D11B6E700F43ACA /* Release */ = {
			isa = XCBuildConfiguration;
			buildSettings = {
				CODE_SIGN_STYLE = Automatic;
				CURRENT_PROJECT_VERSION = 1;
				DEVELOPMENT_TEAM = 4UG443984D;
				GENERATE_INFOPLIST_FILE = YES;
				MARKETING_VERSION = 1.0;
				PRODUCT_BUNDLE_IDENTIFIER = ca.josephinesalamon.SingerHobbyCardsUITests;
				PRODUCT_NAME = "$(TARGET_NAME)";
				SWIFT_EMIT_LOC_STRINGS = NO;
				SWIFT_VERSION = 5.0;
				TARGETED_DEVICE_FAMILY = "1,2";
				TEST_TARGET_NAME = SingerHobbyCards;
			};
			name = Release;
		};
/* End XCBuildConfiguration section */

/* Begin XCConfigurationList section */
		26DC46E72D11B6E500F43ACA /* Build configuration list for PBXProject "SingerHobbyCards" */ = {
			isa = XCConfigurationList;
			buildConfigurations = (
				26DC470E2D11B6E700F43ACA /* Debug */,
				26DC470F2D11B6E700F43ACA /* Release */,
			);
			defaultConfigurationIsVisible = 0;
			defaultConfigurationName = Release;
		};
		26DC47102D11B6E700F43ACA /* Build configuration list for PBXNativeTarget "SingerHobbyCards" */ = {
			isa = XCConfigurationList;
			buildConfigurations = (
				26DC47112D11B6E700F43ACA /* Debug */,
				26DC47122D11B6E700F43ACA /* Release */,
			);
			defaultConfigurationIsVisible = 0;
			defaultConfigurationName = Release;
		};
		26DC47132D11B6E700F43ACA /* Build configuration list for PBXNativeTarget "SingerHobbyCardsTests" */ = {
			isa = XCConfigurationList;
			buildConfigurations = (
				26DC47142D11B6E700F43ACA /* Debug */,
				26DC47152D11B6E700F43ACA /* Release */,
			);
			defaultConfigurationIsVisible = 0;
			defaultConfigurationName = Release;
		};
		26DC47162D11B6E700F43ACA /* Build configuration list for PBXNativeTarget "SingerHobbyCardsUITests" */ = {
			isa = XCConfigurationList;
			buildConfigurations = (
				26DC47172D11B6E700F43ACA /* Debug */,
				26DC47182D11B6E700F43ACA /* Release */,
			);
			defaultConfigurationIsVisible = 0;
			defaultConfigurationName = Release;
		};
/* End XCConfigurationList section */
	};
	rootObject = 26DC46E42D11B6E500F43ACA /* Project object */;
}
